
Microsoft Visual Studio Solution File, Format Version 11.00
# Visual Studio 2010
Project("{FAE04EC0-301F-11D3-BF4B-00C04F79EFBC}") = "Assembly-CSharp", "Assembly-CSharp.csproj", "{782c17d4-3ce4-2725-1e5d-51939cf68b93}"
EndProject
Project("{FAE04EC0-301F-11D3-BF4B-00C04F79EFBC}") = "Assembly-CSharp-firstpass", "Assembly-CSharp-firstpass.csproj", "{5947192f-d8ea-57bc-308d-d54322c34be7}"
EndProject
Global
	GlobalSection(SolutionConfigurationPlatforms) = preSolution
		Debug|Any CPU = Debug|Any CPU
	EndGlobalSection
	GlobalSection(ProjectConfigurationPlatforms) = postSolution
		{782c17d4-3ce4-2725-1e5d-51939cf68b93}.Debug|Any CPU.ActiveCfg = Debug|Any CPU
		{782c17d4-3ce4-2725-1e5d-51939cf68b93}.Debug|Any CPU.Build.0 = Debug|Any CPU
		{5947192f-d8ea-57bc-308d-d54322c34be7}.Debug|Any CPU.ActiveCfg = Debug|Any CPU
		{5947192f-d8ea-57bc-308d-d54322c34be7}.Debug|Any CPU.Build.0 = Debug|Any CPU
	EndGlobalSection
	GlobalSection(SolutionProperties) = preSolution
		HideSolutionNode = FALSE
	EndGlobalSection
EndGlobal
